
Microsoft Visual Studio Solution File, Format Version 12.00
# Visual Studio Version 16
VisualStudioVersion = 16.0.30204.135
MinimumVisualStudioVersion = 10.0.40219.1
Project("{FAE04EC0-301F-11D3-BF4B-00C04F79EFBC}") = "LabWebProgramme_2", "LabWebProgramme_2.csproj", "{6788F6D4-9390-44E4-AD25-472198A1ACDB}"
EndProject
Global
	GlobalSection(SolutionConfigurationPlatforms) = preSolution
		Debug|Any CPU = Debug|Any CPU
		Release|Any CPU = Release|Any CPU
	EndGlobalSection
	GlobalSection(ProjectConfigurationPlatforms) = postSolution
		{6788F6D4-9390-44E4-AD25-472198A1ACDB}.Debug|Any CPU.ActiveCfg = Debug|Any CPU
		{6788F6D4-9390-44E4-AD25-472198A1ACDB}.Debug|Any CPU.Build.0 = Debug|Any CPU
		{6788F6D4-9390-44E4-AD25-472198A1ACDB}.Release|Any CPU.ActiveCfg = Release|Any CPU
		{6788F6D4-9390-44E4-AD25-472198A1ACDB}.Release|Any CPU.Build.0 = Release|Any CPU
	EndGlobalSection
	GlobalSection(SolutionProperties) = preSolution
		HideSolutionNode = FALSE
	EndGlobalSection
	GlobalSection(ExtensibilityGlobals) = postSolution
		SolutionGuid = {DB5225C8-ECEC-426A-A96F-69BA7706C899}
	EndGlobalSection
EndGlobal
